
Microsoft Visual Studio Solution File, Format Version 12.00
# Visual Studio 15
Project("{FAE04EC0-301F-11D3-BF4B-00C04F79EFBC}") = "Assembly-CSharp", "Assembly-CSharp.csproj", "{4E7DC8BC-7FF2-1B7B-0186-7609A2D95269}"
EndProject
Global
	GlobalSection(SolutionConfigurationPlatforms) = preSolution
		Debug|Any CPU = Debug|Any CPU
		Release|Any CPU = Release|Any CPU
	EndGlobalSection
	GlobalSection(ProjectConfigurationPlatforms) = postSolution
		{4E7DC8BC-7FF2-1B7B-0186-7609A2D95269}.Debug|Any CPU.ActiveCfg = Debug|Any CPU
		{4E7DC8BC-7FF2-1B7B-0186-7609A2D95269}.Debug|Any CPU.Build.0 = Debug|Any CPU
		{4E7DC8BC-7FF2-1B7B-0186-7609A2D95269}.Release|Any CPU.ActiveCfg = Release|Any CPU
		{4E7DC8BC-7FF2-1B7B-0186-7609A2D95269}.Release|Any CPU.Build.0 = Release|Any CPU
	EndGlobalSection
	GlobalSection(SolutionProperties) = preSolution
		HideSolutionNode = FALSE
	EndGlobalSection
EndGlobal
